
Microsoft Visual Studio Solution File, Format Version 12.00
# Visual Studio Version 16
VisualStudioVersion = 16.0.31005.135
MinimumVisualStudioVersion = 10.0.40219.1
Project("{FAE04EC0-301F-11D3-BF4B-00C04F79EFBC}") = "HusicBasic", "HusicBasic\HusicBasic.csproj", "{0838E5BF-A379-44F8-A945-3226AD3C38BC}"
EndProject
Global
	GlobalSection(SolutionConfigurationPlatforms) = preSolution
		Debug|Any CPU = Debug|Any CPU
		Release|Any CPU = Release|Any CPU
	EndGlobalSection
	GlobalSection(ProjectConfigurationPlatforms) = postSolution
		{0838E5BF-A379-44F8-A945-3226AD3C38BC}.Debug|Any CPU.ActiveCfg = Debug|Any CPU
		{0838E5BF-A379-44F8-A945-3226AD3C38BC}.Debug|Any CPU.Build.0 = Debug|Any CPU
		{0838E5BF-A379-44F8-A945-3226AD3C38BC}.Release|Any CPU.ActiveCfg = Release|Any CPU
		{0838E5BF-A379-44F8-A945-3226AD3C38BC}.Release|Any CPU.Build.0 = Release|Any CPU
	EndGlobalSection
	GlobalSection(SolutionProperties) = preSolution
		HideSolutionNode = FALSE
	EndGlobalSection
	GlobalSection(ExtensibilityGlobals) = postSolution
		SolutionGuid = {60263D4B-AD69-466A-8359-7810710D71FD}
	EndGlobalSection
EndGlobal
